// !$*UTF8*$!
{
	archiveVersion = 1;
	classes = {
	};
	objectVersion = 55;
	objects = {

/* Begin PBXBuildFile section */
		C13FB7A527992F5800838B18 /* DayViewController.swift in Sources */ = {isa = PBXBuildFile; fileRef = C13FB7A427992F5800838B18 /* DayViewController.swift */; };
		C13FB7A72799659700838B18 /* FeelingsCell.swift in Sources */ = {isa = PBXBuildFile; fileRef = C13FB7A62799659700838B18 /* FeelingsCell.swift */; };
		C13FB7A92799697C00838B18 /* Feelings.swift in Sources */ = {isa = PBXBuildFile; fileRef = C13FB7A82799697C00838B18 /* Feelings.swift */; };
		C16F2F91279D5B6600DCA4D2 /* Day2ViewController.swift in Sources */ = {isa = PBXBuildFile; fileRef = C16F2F90279D5B6600DCA4D2 /* Day2ViewController.swift */; };
		C16F2F95279D5B7A00DCA4D2 /* TagView.swift in Sources */ = {isa = PBXBuildFile; fileRef = C16F2F93279D5B7A00DCA4D2 /* TagView.swift */; };
		C16F2F96279D5B7A00DCA4D2 /* TagListView.swift in Sources */ = {isa = PBXBuildFile; fileRef = C16F2F94279D5B7A00DCA4D2 /* TagListView.swift */; };
		C16F2F9A279D5BC100DCA4D2 /* CloseButton.swift in Sources */ = {isa = PBXBuildFile; fileRef = C16F2F99279D5BC100DCA4D2 /* CloseButton.swift */; };
		C1935EF627959458009C18A9 /* HomeViewController.swift in Sources */ = {isa = PBXBuildFile; fileRef = C1935EF527959458009C18A9 /* HomeViewController.swift */; };
		C1935EFD2795B3F8009C18A9 /* DiaryCell.swift in Sources */ = {isa = PBXBuildFile; fileRef = C1935EFC2795B3F7009C18A9 /* DiaryCell.swift */; };
		C1935EFF2795BB53009C18A9 /* DiaryCalendar.swift in Sources */ = {isa = PBXBuildFile; fileRef = C1935EFE2795BB53009C18A9 /* DiaryCalendar.swift */; };
		C1A0D975279059A7002DF70E /* AppDelegate.swift in Sources */ = {isa = PBXBuildFile; fileRef = C1A0D974279059A7002DF70E /* AppDelegate.swift */; };
		C1A0D977279059A7002DF70E /* SceneDelegate.swift in Sources */ = {isa = PBXBuildFile; fileRef = C1A0D976279059A7002DF70E /* SceneDelegate.swift */; };
		C1A0D979279059A7002DF70E /* ViewController.swift in Sources */ = {isa = PBXBuildFile; fileRef = C1A0D978279059A7002DF70E /* ViewController.swift */; };
		C1A0D97C279059A7002DF70E /* Main.storyboard in Resources */ = {isa = PBXBuildFile; fileRef = C1A0D97A279059A7002DF70E /* Main.storyboard */; };
		C1A0D97E279059A8002DF70E /* Assets.xcassets in Resources */ = {isa = PBXBuildFile; fileRef = C1A0D97D279059A8002DF70E /* Assets.xcassets */; };
		C1A0D981279059A8002DF70E /* LaunchScreen.storyboard in Resources */ = {isa = PBXBuildFile; fileRef = C1A0D97F279059A8002DF70E /* LaunchScreen.storyboard */; };
		D643BABF279D635A001066E7 /* OnBoardingViewController.swift in Sources */ = {isa = PBXBuildFile; fileRef = D643BABE279D6359001066E7 /* OnBoardingViewController.swift */; };
		D643BAC2279D7127001066E7 /* OnBoardingSlide.swift in Sources */ = {isa = PBXBuildFile; fileRef = D643BAC1279D7127001066E7 /* OnBoardingSlide.swift */; };
		D643BAC4279D738E001066E7 /* OnBoardingCollectionViewCell.swift in Sources */ = {isa = PBXBuildFile; fileRef = D643BAC3279D738E001066E7 /* OnBoardingCollectionViewCell.swift */; };
		D6489DEC27909E8200B485EB /* BalsamiqSans-Bold.ttf in Resources */ = {isa = PBXBuildFile; fileRef = D6489DEB27909E4400B485EB /* BalsamiqSans-Bold.ttf */; };
		D6489DED27909E8600B485EB /* BalsamiqSans-Regular.ttf in Resources */ = {isa = PBXBuildFile; fileRef = D6489DE827909E2800B485EB /* BalsamiqSans-Regular.ttf */; };
		D656EC22279D8F6100BE6FCE /* UIViewController+Extension.swift in Sources */ = {isa = PBXBuildFile; fileRef = D656EC21279D8F6100BE6FCE /* UIViewController+Extension.swift */; };
		D656EC24279D8FC700BE6FCE /* UserDefaults+Extension.swift in Sources */ = {isa = PBXBuildFile; fileRef = D656EC23279D8FC700BE6FCE /* UserDefaults+Extension.swift */; };
		D6CD867A279D203600E934BD /* User.swift in Sources */ = {isa = PBXBuildFile; fileRef = D6CD8679279D203600E934BD /* User.swift */; };
		D6CD867C279D22C400E934BD /* UserDataAccessLayer.swift in Sources */ = {isa = PBXBuildFile; fileRef = D6CD867B279D22C400E934BD /* UserDataAccessLayer.swift */; };
		D6D1EFF62790723800FE3AEE /* LoginViewController.swift in Sources */ = {isa = PBXBuildFile; fileRef = D6D1EFF52790723800FE3AEE /* LoginViewController.swift */; };
		D6F7128C27910E7800D23DD5 /* DiaryApp.xcdatamodeld in Sources */ = {isa = PBXBuildFile; fileRef = D6F7128A27910E7800D23DD5 /* DiaryApp.xcdatamodeld */; };
/* End PBXBuildFile section */

/* Begin PBXFileReference section */
		C13FB7A427992F5800838B18 /* DayViewController.swift */ = {isa = PBXFileReference; lastKnownFileType = sourcecode.swift; path = DayViewController.swift; sourceTree = "<group>"; };
		C13FB7A62799659700838B18 /* FeelingsCell.swift */ = {isa = PBXFileReference; lastKnownFileType = sourcecode.swift; path = FeelingsCell.swift; sourceTree = "<group>"; };
		C13FB7A82799697C00838B18 /* Feelings.swift */ = {isa = PBXFileReference; lastKnownFileType = sourcecode.swift; path = Feelings.swift; sourceTree = "<group>"; };
		C16F2F90279D5B6600DCA4D2 /* Day2ViewController.swift */ = {isa = PBXFileReference; fileEncoding = 4; lastKnownFileType = sourcecode.swift; path = Day2ViewController.swift; sourceTree = "<group>"; };
		C16F2F92279D5B7A00DCA4D2 /* TagListView.h */ = {isa = PBXFileReference; fileEncoding = 4; lastKnownFileType = sourcecode.c.h; path = TagListView.h; sourceTree = "<group>"; };
		C16F2F93279D5B7A00DCA4D2 /* TagView.swift */ = {isa = PBXFileReference; fileEncoding = 4; lastKnownFileType = sourcecode.swift; path = TagView.swift; sourceTree = "<group>"; };
		C16F2F94279D5B7A00DCA4D2 /* TagListView.swift */ = {isa = PBXFileReference; fileEncoding = 4; lastKnownFileType = sourcecode.swift; path = TagListView.swift; sourceTree = "<group>"; };
		C16F2F99279D5BC100DCA4D2 /* CloseButton.swift */ = {isa = PBXFileReference; fileEncoding = 4; lastKnownFileType = sourcecode.swift; path = CloseButton.swift; sourceTree = "<group>"; };
		C1935EF527959458009C18A9 /* HomeViewController.swift */ = {isa = PBXFileReference; lastKnownFileType = sourcecode.swift; path = HomeViewController.swift; sourceTree = "<group>"; };
		C1935EFC2795B3F7009C18A9 /* DiaryCell.swift */ = {isa = PBXFileReference; lastKnownFileType = sourcecode.swift; path = DiaryCell.swift; sourceTree = "<group>"; };
		C1935EFE2795BB53009C18A9 /* DiaryCalendar.swift */ = {isa = PBXFileReference; lastKnownFileType = sourcecode.swift; path = DiaryCalendar.swift; sourceTree = "<group>"; };
		C1A0D971279059A7002DF70E /* MAD2AssignmentApp.app */ = {isa = PBXFileReference; explicitFileType = wrapper.application; includeInIndex = 0; path = MAD2AssignmentApp.app; sourceTree = BUILT_PRODUCTS_DIR; };
		C1A0D974279059A7002DF70E /* AppDelegate.swift */ = {isa = PBXFileReference; lastKnownFileType = sourcecode.swift; path = AppDelegate.swift; sourceTree = "<group>"; };
		C1A0D976279059A7002DF70E /* SceneDelegate.swift */ = {isa = PBXFileReference; lastKnownFileType = sourcecode.swift; path = SceneDelegate.swift; sourceTree = "<group>"; };
		C1A0D978279059A7002DF70E /* ViewController.swift */ = {isa = PBXFileReference; lastKnownFileType = sourcecode.swift; path = ViewController.swift; sourceTree = "<group>"; };
		C1A0D97B279059A7002DF70E /* Base */ = {isa = PBXFileReference; lastKnownFileType = file.storyboard; name = Base; path = Base.lproj/Main.storyboard; sourceTree = "<group>"; };
		C1A0D97D279059A8002DF70E /* Assets.xcassets */ = {isa = PBXFileReference; lastKnownFileType = folder.assetcatalog; path = Assets.xcassets; sourceTree = "<group>"; };
		C1A0D980279059A8002DF70E /* Base */ = {isa = PBXFileReference; lastKnownFileType = file.storyboard; name = Base; path = Base.lproj/LaunchScreen.storyboard; sourceTree = "<group>"; };
		C1A0D982279059A8002DF70E /* Info.plist */ = {isa = PBXFileReference; lastKnownFileType = text.plist.xml; path = Info.plist; sourceTree = "<group>"; };
		D643BABE279D6359001066E7 /* OnBoardingViewController.swift */ = {isa = PBXFileReference; lastKnownFileType = sourcecode.swift; path = OnBoardingViewController.swift; sourceTree = "<group>"; };
		D643BAC1279D7127001066E7 /* OnBoardingSlide.swift */ = {isa = PBXFileReference; lastKnownFileType = sourcecode.swift; path = OnBoardingSlide.swift; sourceTree = "<group>"; };
		D643BAC3279D738E001066E7 /* OnBoardingCollectionViewCell.swift */ = {isa = PBXFileReference; lastKnownFileType = sourcecode.swift; path = OnBoardingCollectionViewCell.swift; sourceTree = "<group>"; };
		D6489DE827909E2800B485EB /* BalsamiqSans-Regular.ttf */ = {isa = PBXFileReference; lastKnownFileType = file; path = "BalsamiqSans-Regular.ttf"; sourceTree = "<group>"; };
		D6489DEB27909E4400B485EB /* BalsamiqSans-Bold.ttf */ = {isa = PBXFileReference; lastKnownFileType = file; path = "BalsamiqSans-Bold.ttf"; sourceTree = "<group>"; };
		D656EC21279D8F6100BE6FCE /* UIViewController+Extension.swift */ = {isa = PBXFileReference; lastKnownFileType = sourcecode.swift; path = "UIViewController+Extension.swift"; sourceTree = "<group>"; };
		D656EC23279D8FC700BE6FCE /* UserDefaults+Extension.swift */ = {isa = PBXFileReference; lastKnownFileType = sourcecode.swift; path = "UserDefaults+Extension.swift"; sourceTree = "<group>"; };
		D6CD8679279D203600E934BD /* User.swift */ = {isa = PBXFileReference; lastKnownFileType = sourcecode.swift; path = User.swift; sourceTree = "<group>"; };
		D6CD867B279D22C400E934BD /* UserDataAccessLayer.swift */ = {isa = PBXFileReference; lastKnownFileType = sourcecode.swift; path = UserDataAccessLayer.swift; sourceTree = "<group>"; };
		D6D1EFF52790723800FE3AEE /* LoginViewController.swift */ = {isa = PBXFileReference; lastKnownFileType = sourcecode.swift; path = LoginViewController.swift; sourceTree = "<group>"; };
		D6F7128B27910E7800D23DD5 /* DiaryApp.xcdatamodel */ = {isa = PBXFileReference; lastKnownFileType = wrapper.xcdatamodel; path = DiaryApp.xcdatamodel; sourceTree = "<group>"; };
/* End PBXFileReference section */

/* Begin PBXFrameworksBuildPhase section */
		C1A0D96E279059A7002DF70E /* Frameworks */ = {
			isa = PBXFrameworksBuildPhase;
			buildActionMask = 2147483647;
			files = (
			);
			runOnlyForDeploymentPostprocessing = 0;
		};
/* End PBXFrameworksBuildPhase section */

/* Begin PBXGroup section */
		C1A0D968279059A7002DF70E = {
			isa = PBXGroup;
			children = (
				C1A0D973279059A7002DF70E /* MAD2AssignmentApp */,
				C1A0D972279059A7002DF70E /* Products */,
			);
			sourceTree = "<group>";
		};
		C1A0D972279059A7002DF70E /* Products */ = {
			isa = PBXGroup;
			children = (
				C1A0D971279059A7002DF70E /* MAD2AssignmentApp.app */,
			);
			name = Products;
			sourceTree = "<group>";
		};
		C1A0D973279059A7002DF70E /* MAD2AssignmentApp */ = {
			isa = PBXGroup;
			children = (
				D6489DE627909DB700B485EB /* fonts */,
				C1A0D974279059A7002DF70E /* AppDelegate.swift */,
				C1A0D976279059A7002DF70E /* SceneDelegate.swift */,
				C1A0D978279059A7002DF70E /* ViewController.swift */,
				C1A0D97A279059A7002DF70E /* Main.storyboard */,
				C1A0D97D279059A8002DF70E /* Assets.xcassets */,
				C1A0D97F279059A8002DF70E /* LaunchScreen.storyboard */,
				C1A0D982279059A8002DF70E /* Info.plist */,
				D6D1EFF52790723800FE3AEE /* LoginViewController.swift */,
				C1935EF527959458009C18A9 /* HomeViewController.swift */,
				C13FB7A427992F5800838B18 /* DayViewController.swift */,
				C16F2F90279D5B6600DCA4D2 /* Day2ViewController.swift */,
				D6F7128A27910E7800D23DD5 /* DiaryApp.xcdatamodeld */,
				C1935EFC2795B3F7009C18A9 /* DiaryCell.swift */,
				C1935EFE2795BB53009C18A9 /* DiaryCalendar.swift */,
				C13FB7A62799659700838B18 /* FeelingsCell.swift */,
				C13FB7A82799697C00838B18 /* Feelings.swift */,
				D6CD8679279D203600E934BD /* User.swift */,
				D6CD867B279D22C400E934BD /* UserDataAccessLayer.swift */,
				C16F2F99279D5BC100DCA4D2 /* CloseButton.swift */,
				C16F2F92279D5B7A00DCA4D2 /* TagListView.h */,
				C16F2F94279D5B7A00DCA4D2 /* TagListView.swift */,
				C16F2F93279D5B7A00DCA4D2 /* TagView.swift */,
				D643BABE279D6359001066E7 /* OnBoardingViewController.swift */,
				D643BAC1279D7127001066E7 /* OnBoardingSlide.swift */,
				D643BAC3279D738E001066E7 /* OnBoardingCollectionViewCell.swift */,
				D656EC21279D8F6100BE6FCE /* UIViewController+Extension.swift */,
				D656EC23279D8FC700BE6FCE /* UserDefaults+Extension.swift */,
			);
			path = MAD2AssignmentApp;
			sourceTree = "<group>";
		};
		D6489DE627909DB700B485EB /* fonts */ = {
			isa = PBXGroup;
			children = (
				D6489DEB27909E4400B485EB /* BalsamiqSans-Bold.ttf */,
				D6489DE827909E2800B485EB /* BalsamiqSans-Regular.ttf */,
			);
			path = fonts;
			sourceTree = "<group>";
		};
/* End PBXGroup section */

/* Begin PBXNativeTarget section */
		C1A0D970279059A7002DF70E /* MAD2AssignmentApp */ = {
			isa = PBXNativeTarget;
			buildConfigurationList = C1A0D985279059A8002DF70E /* Build configuration list for PBXNativeTarget "MAD2AssignmentApp" */;
			buildPhases = (
				C1A0D96D279059A7002DF70E /* Sources */,
				C1A0D96E279059A7002DF70E /* Frameworks */,
				C1A0D96F279059A7002DF70E /* Resources */,
			);
			buildRules = (
			);
			dependencies = (
			);
			name = MAD2AssignmentApp;
			productName = MAD2AssignmentApp;
			productReference = C1A0D971279059A7002DF70E /* MAD2AssignmentApp.app */;
			productType = "com.apple.product-type.application";
		};
/* End PBXNativeTarget section */

/* Begin PBXProject section */
		C1A0D969279059A7002DF70E /* Project object */ = {
			isa = PBXProject;
			attributes = {
				BuildIndependentTargetsInParallel = 1;
				LastSwiftUpdateCheck = 1320;
				LastUpgradeCheck = 1320;
				TargetAttributes = {
					C1A0D970279059A7002DF70E = {
						CreatedOnToolsVersion = 13.2.1;
					};
				};
			};
			buildConfigurationList = C1A0D96C279059A7002DF70E /* Build configuration list for PBXProject "MAD2AssignmentApp" */;
			compatibilityVersion = "Xcode 13.0";
			developmentRegion = en;
			hasScannedForEncodings = 0;
			knownRegions = (
				en,
				Base,
			);
			mainGroup = C1A0D968279059A7002DF70E;
			productRefGroup = C1A0D972279059A7002DF70E /* Products */;
			projectDirPath = "";
			projectRoot = "";
			targets = (
				C1A0D970279059A7002DF70E /* MAD2AssignmentApp */,
			);
		};
/* End PBXProject section */

/* Begin PBXResourcesBuildPhase section */
		C1A0D96F279059A7002DF70E /* Resources */ = {
			isa = PBXResourcesBuildPhase;
			buildActionMask = 2147483647;
			files = (
				D6489DED27909E8600B485EB /* BalsamiqSans-Regular.ttf in Resources */,
				C1A0D981279059A8002DF70E /* LaunchScreen.storyboard in Resources */,
				C1A0D97E279059A8002DF70E /* Assets.xcassets in Resources */,
				D6489DEC27909E8200B485EB /* BalsamiqSans-Bold.ttf in Resources */,
				C1A0D97C279059A7002DF70E /* Main.storyboard in Resources */,
			);
			runOnlyForDeploymentPostprocessing = 0;
		};
/* End PBXResourcesBuildPhase section */

/* Begin PBXSourcesBuildPhase section */
		C1A0D96D279059A7002DF70E /* Sources */ = {
			isa = PBXSourcesBuildPhase;
			buildActionMask = 2147483647;
			files = (
				C13FB7A72799659700838B18 /* FeelingsCell.swift in Sources */,
				D6D1EFF62790723800FE3AEE /* LoginViewController.swift in Sources */,
				C1935EFF2795BB53009C18A9 /* DiaryCalendar.swift in Sources */,
				D643BAC4279D738E001066E7 /* OnBoardingCollectionViewCell.swift in Sources */,
				C1935EFD2795B3F8009C18A9 /* DiaryCell.swift in Sources */,
				D643BAC2279D7127001066E7 /* OnBoardingSlide.swift in Sources */,
				C16F2F91279D5B6600DCA4D2 /* Day2ViewController.swift in Sources */,
				D6F7128C27910E7800D23DD5 /* DiaryApp.xcdatamodeld in Sources */,
				C1A0D979279059A7002DF70E /* ViewController.swift in Sources */,
				C1A0D975279059A7002DF70E /* AppDelegate.swift in Sources */,
				C1A0D977279059A7002DF70E /* SceneDelegate.swift in Sources */,
				D6CD867A279D203600E934BD /* User.swift in Sources */,
				D656EC22279D8F6100BE6FCE /* UIViewController+Extension.swift in Sources */,
				C13FB7A92799697C00838B18 /* Feelings.swift in Sources */,
				D656EC24279D8FC700BE6FCE /* UserDefaults+Extension.swift in Sources */,
				C16F2F9A279D5BC100DCA4D2 /* CloseButton.swift in Sources */,
				C16F2F95279D5B7A00DCA4D2 /* TagView.swift in Sources */,
				C1935EF627959458009C18A9 /* HomeViewController.swift in Sources */,
				C13FB7A527992F5800838B18 /* DayViewController.swift in Sources */,
				D643BABF279D635A001066E7 /* OnBoardingViewController.swift in Sources */,
				D6CD867C279D22C400E934BD /* UserDataAccessLayer.swift in Sources */,
				C16F2F96279D5B7A00DCA4D2 /* TagListView.swift in Sources */,
			);
			runOnlyForDeploymentPostprocessing = 0;
		};
/* End PBXSourcesBuildPhase section */

/* Begin PBXVariantGroup section */
		C1A0D97A279059A7002DF70E /* Main.storyboard */ = {
			isa = PBXVariantGroup;
			children = (
				C1A0D97B279059A7002DF70E /* Base */,
			);
			name = Main.storyboard;
			sourceTree = "<group>";
		};
		C1A0D97F279059A8002DF70E /* LaunchScreen.storyboard */ = {
			isa = PBXVariantGroup;
			children = (
				C1A0D980279059A8002DF70E /* Base */,
			);
			name = LaunchScreen.storyboard;
			sourceTree = "<group>";
		};
/* End PBXVariantGroup section */

/* Begin XCBuildConfiguration section */
		C1A0D983279059A8002DF70E /* Debug */ = {
			isa = XCBuildConfiguration;
			buildSettings = {
				ALWAYS_SEARCH_USER_PATHS = NO;
				CLANG_ANALYZER_NONNULL = YES;
				CLANG_ANALYZER_NUMBER_OBJECT_CONVERSION = YES_AGGRESSIVE;
				CLANG_CXX_LANGUAGE_STANDARD = "gnu++17";
				CLANG_CXX_LIBRARY = "libc++";
				CLANG_ENABLE_MODULES = YES;
				CLANG_ENABLE_OBJC_ARC = YES;
				CLANG_ENABLE_OBJC_WEAK = YES;
				CLANG_WARN_BLOCK_CAPTURE_AUTORELEASING = YES;
				CLANG_WARN_BOOL_CONVERSION = YES;
				CLANG_WARN_COMMA = YES;
				CLANG_WARN_CONSTANT_CONVERSION = YES;
				CLANG_WARN_DEPRECATED_OBJC_IMPLEMENTATIONS = YES;
				CLANG_WARN_DIRECT_OBJC_ISA_USAGE = YES_ERROR;
				CLANG_WARN_DOCUMENTATION_COMMENTS = YES;
				CLANG_WARN_EMPTY_BODY = YES;
				CLANG_WARN_ENUM_CONVERSION = YES;
				CLANG_WARN_INFINITE_RECURSION = YES;
				CLANG_WARN_INT_CONVERSION = YES;
				CLANG_WARN_NON_LITERAL_NULL_CONVERSION = YES;
				CLANG_WARN_OBJC_IMPLICIT_RETAIN_SELF = YES;
				CLANG_WARN_OBJC_LITERAL_CONVERSION = YES;
				CLANG_WARN_OBJC_ROOT_CLASS = YES_ERROR;
				CLANG_WARN_QUOTED_INCLUDE_IN_FRAMEWORK_HEADER = YES;
				CLANG_WARN_RANGE_LOOP_ANALYSIS = YES;
				CLANG_WARN_STRICT_PROTOTYPES = YES;
				CLANG_WARN_SUSPICIOUS_MOVE = YES;
				CLANG_WARN_UNGUARDED_AVAILABILITY = YES_AGGRESSIVE;
				CLANG_WARN_UNREACHABLE_CODE = YES;
				CLANG_WARN__DUPLICATE_METHOD_MATCH = YES;
				COPY_PHASE_STRIP = NO;
				DEBUG_INFORMATION_FORMAT = dwarf;
				ENABLE_STRICT_OBJC_MSGSEND = YES;
				ENABLE_TESTABILITY = YES;
				GCC_C_LANGUAGE_STANDARD = gnu11;
				GCC_DYNAMIC_NO_PIC = NO;
				GCC_NO_COMMON_BLOCKS = YES;
				GCC_OPTIMIZATION_LEVEL = 0;
				GCC_PREPROCESSOR_DEFINITIONS = (
					"DEBUG=1",
					"$(inherited)",
				);
				GCC_WARN_64_TO_32_BIT_CONVERSION = YES;
				GCC_WARN_ABOUT_RETURN_TYPE = YES_ERROR;
				GCC_WARN_UNDECLARED_SELECTOR = YES;
				GCC_WARN_UNINITIALIZED_AUTOS = YES_AGGRESSIVE;
				GCC_WARN_UNUSED_FUNCTION = YES;
				GCC_WARN_UNUSED_VARIABLE = YES;
				IPHONEOS_DEPLOYMENT_TARGET = 15.0;
				MTL_ENABLE_DEBUG_INFO = INCLUDE_SOURCE;
				MTL_FAST_MATH = YES;
				ONLY_ACTIVE_ARCH = YES;
				SDKROOT = iphoneos;
				SWIFT_ACTIVE_COMPILATION_CONDITIONS = DEBUG;
				SWIFT_OPTIMIZATION_LEVEL = "-Onone";
			};
			name = Debug;
		};
		C1A0D984279059A8002DF70E /* Release */ = {
			isa = XCBuildConfiguration;
			buildSettings = {
				ALWAYS_SEARCH_USER_PATHS = NO;
				CLANG_ANALYZER_NONNULL = YES;
				CLANG_ANALYZER_NUMBER_OBJECT_CONVERSION = YES_AGGRESSIVE;
				CLANG_CXX_LANGUAGE_STANDARD = "gnu++17";
				CLANG_CXX_LIBRARY = "libc++";
				CLANG_ENABLE_MODULES = YES;
				CLANG_ENABLE_OBJC_ARC = YES;
				CLANG_ENABLE_OBJC_WEAK = YES;
				CLANG_WARN_BLOCK_CAPTURE_AUTORELEASING = YES;
				CLANG_WARN_BOOL_CONVERSION = YES;
				CLANG_WARN_COMMA = YES;
				CLANG_WARN_CONSTANT_CONVERSION = YES;
				CLANG_WARN_DEPRECATED_OBJC_IMPLEMENTATIONS = YES;
				CLANG_WARN_DIRECT_OBJC_ISA_USAGE = YES_ERROR;
				CLANG_WARN_DOCUMENTATION_COMMENTS = YES;
				CLANG_WARN_EMPTY_BODY = YES;
				CLANG_WARN_ENUM_CONVERSION = YES;
				CLANG_WARN_INFINITE_RECURSION = YES;
				CLANG_WARN_INT_CONVERSION = YES;
				CLANG_WARN_NON_LITERAL_NULL_CONVERSION = YES;
				CLANG_WARN_OBJC_IMPLICIT_RETAIN_SELF = YES;
				CLANG_WARN_OBJC_LITERAL_CONVERSION = YES;
				CLANG_WARN_OBJC_ROOT_CLASS = YES_ERROR;
				CLANG_WARN_QUOTED_INCLUDE_IN_FRAMEWORK_HEADER = YES;
				CLANG_WARN_RANGE_LOOP_ANALYSIS = YES;
				CLANG_WARN_STRICT_PROTOTYPES = YES;
				CLANG_WARN_SUSPICIOUS_MOVE = YES;
				CLANG_WARN_UNGUARDED_AVAILABILITY = YES_AGGRESSIVE;
				CLANG_WARN_UNREACHABLE_CODE = YES;
				CLANG_WARN__DUPLICATE_METHOD_MATCH = YES;
				COPY_PHASE_STRIP = NO;
				DEBUG_INFORMATION_FORMAT = "dwarf-with-dsym";
				ENABLE_NS_ASSERTIONS = NO;
				ENABLE_STRICT_OBJC_MSGSEND = YES;
				GCC_C_LANGUAGE_STANDARD = gnu11;
				GCC_NO_COMMON_BLOCKS = YES;
				GCC_WARN_64_TO_32_BIT_CONVERSION = YES;
				GCC_WARN_ABOUT_RETURN_TYPE = YES_ERROR;
				GCC_WARN_UNDECLARED_SELECTOR = YES;
				GCC_WARN_UNINITIALIZED_AUTOS = YES_AGGRESSIVE;
				GCC_WARN_UNUSED_FUNCTION = YES;
				GCC_WARN_UNUSED_VARIABLE = YES;
				IPHONEOS_DEPLOYMENT_TARGET = 15.0;
				MTL_ENABLE_DEBUG_INFO = NO;
				MTL_FAST_MATH = YES;
				SDKROOT = iphoneos;
				SWIFT_COMPILATION_MODE = wholemodule;
				SWIFT_OPTIMIZATION_LEVEL = "-O";
				VALIDATE_PRODUCT = YES;
			};
			name = Release;
		};
		C1A0D986279059A8002DF70E /* Debug */ = {
			isa = XCBuildConfiguration;
			buildSettings = {
				ASSETCATALOG_COMPILER_APPICON_NAME = AppIcon;
				ASSETCATALOG_COMPILER_GLOBAL_ACCENT_COLOR_NAME = AccentColor;
				CODE_SIGN_STYLE = Automatic;
				CURRENT_PROJECT_VERSION = 1;
				DEVELOPMENT_TEAM = "";
				GENERATE_INFOPLIST_FILE = YES;
				INFOPLIST_FILE = MAD2AssignmentApp/Info.plist;
				INFOPLIST_KEY_UIApplicationSupportsIndirectInputEvents = YES;
				INFOPLIST_KEY_UILaunchStoryboardName = LaunchScreen;
				INFOPLIST_KEY_UIMainStoryboardFile = Main;
				INFOPLIST_KEY_UISupportedInterfaceOrientations_iPad = "UIInterfaceOrientationPortrait UIInterfaceOrientationPortraitUpsideDown UIInterfaceOrientationLandscapeLeft UIInterfaceOrientationLandscapeRight";
				INFOPLIST_KEY_UISupportedInterfaceOrientations_iPhone = "UIInterfaceOrientationPortrait UIInterfaceOrientationLandscapeLeft UIInterfaceOrientationLandscapeRight";
				LD_RUNPATH_SEARCH_PATHS = (
					"$(inherited)",
					"@executable_path/Frameworks",
				);
				MARKETING_VERSION = 1.0;
				PRODUCT_BUNDLE_IDENTIFIER = cammy.MAD2AssignmentApp;
				PRODUCT_NAME = "$(TARGET_NAME)";
				SWIFT_EMIT_LOC_STRINGS = YES;
				SWIFT_VERSION = 5.0;
				TARGETED_DEVICE_FAMILY = "1,2";
			};
			name = Debug;
		};
		C1A0D987279059A8002DF70E /* Release */ = {
			isa = XCBuildConfiguration;
			buildSettings = {
				ASSETCATALOG_COMPILER_APPICON_NAME = AppIcon;
				ASSETCATALOG_COMPILER_GLOBAL_ACCENT_COLOR_NAME = AccentColor;
				CODE_SIGN_STYLE = Automatic;
				CURRENT_PROJECT_VERSION = 1;
				DEVELOPMENT_TEAM = "";
				GENERATE_INFOPLIST_FILE = YES;
				INFOPLIST_FILE = MAD2AssignmentApp/Info.plist;
				INFOPLIST_KEY_UIApplicationSupportsIndirectInputEvents = YES;
				INFOPLIST_KEY_UILaunchStoryboardName = LaunchScreen;
				INFOPLIST_KEY_UIMainStoryboardFile = Main;
				INFOPLIST_KEY_UISupportedInterfaceOrientations_iPad = "UIInterfaceOrientationPortrait UIInterfaceOrientationPortraitUpsideDown UIInterfaceOrientationLandscapeLeft UIInterfaceOrientationLandscapeRight";
				INFOPLIST_KEY_UISupportedInterfaceOrientations_iPhone = "UIInterfaceOrientationPortrait UIInterfaceOrientationLandscapeLeft UIInterfaceOrientationLandscapeRight";
				LD_RUNPATH_SEARCH_PATHS = (
					"$(inherited)",
					"@executable_path/Frameworks",
				);
				MARKETING_VERSION = 1.0;
				PRODUCT_BUNDLE_IDENTIFIER = cammy.MAD2AssignmentApp;
				PRODUCT_NAME = "$(TARGET_NAME)";
				SWIFT_EMIT_LOC_STRINGS = YES;
				SWIFT_VERSION = 5.0;
				TARGETED_DEVICE_FAMILY = "1,2";
			};
			name = Release;
		};
/* End XCBuildConfiguration section */

/* Begin XCConfigurationList section */
		C1A0D96C279059A7002DF70E /* Build configuration list for PBXProject "MAD2AssignmentApp" */ = {
			isa = XCConfigurationList;
			buildConfigurations = (
				C1A0D983279059A8002DF70E /* Debug */,
				C1A0D984279059A8002DF70E /* Release */,
			);
			defaultConfigurationIsVisible = 0;
			defaultConfigurationName = Release;
		};
		C1A0D985279059A8002DF70E /* Build configuration list for PBXNativeTarget "MAD2AssignmentApp" */ = {
			isa = XCConfigurationList;
			buildConfigurations = (
				C1A0D986279059A8002DF70E /* Debug */,
				C1A0D987279059A8002DF70E /* Release */,
			);
			defaultConfigurationIsVisible = 0;
			defaultConfigurationName = Release;
		};
/* End XCConfigurationList section */

/* Begin XCVersionGroup section */
		D6F7128A27910E7800D23DD5 /* DiaryApp.xcdatamodeld */ = {
			isa = XCVersionGroup;
			children = (
				D6F7128B27910E7800D23DD5 /* DiaryApp.xcdatamodel */,
			);
			currentVersion = D6F7128B27910E7800D23DD5 /* DiaryApp.xcdatamodel */;
			path = DiaryApp.xcdatamodeld;
			sourceTree = "<group>";
			versionGroupType = wrapper.xcdatamodel;
		};
/* End XCVersionGroup section */
	};
	rootObject = C1A0D969279059A7002DF70E /* Project object */;
}
